// !$*UTF8*$!
{
	archiveVersion = 1;
	classes = {
	};
	objectVersion = 50;
	objects = {

/* Begin PBXBuildFile section */
		660E96052238657F00CC0046 /* AppSplitViewController.swift in Sources */ = {isa = PBXBuildFile; fileRef = 660E96042238657F00CC0046 /* AppSplitViewController.swift */; };
		668AB64F22381B7B00CF59F2 /* AppDelegate.swift in Sources */ = {isa = PBXBuildFile; fileRef = 668AB64E22381B7B00CF59F2 /* AppDelegate.swift */; };
		668AB65222381B7B00CF59F2 /* Dark_Light_Mode.xcdatamodeld in Sources */ = {isa = PBXBuildFile; fileRef = 668AB65022381B7B00CF59F2 /* Dark_Light_Mode.xcdatamodeld */; };
		668AB65422381B7B00CF59F2 /* MasterViewController.swift in Sources */ = {isa = PBXBuildFile; fileRef = 668AB65322381B7B00CF59F2 /* MasterViewController.swift */; };
		668AB65622381B7B00CF59F2 /* DetailViewController.swift in Sources */ = {isa = PBXBuildFile; fileRef = 668AB65522381B7B00CF59F2 /* DetailViewController.swift */; };
		668AB65922381B7B00CF59F2 /* Main.storyboard in Resources */ = {isa = PBXBuildFile; fileRef = 668AB65722381B7B00CF59F2 /* Main.storyboard */; };
		668AB65B22381B7D00CF59F2 /* Assets.xcassets in Resources */ = {isa = PBXBuildFile; fileRef = 668AB65A22381B7D00CF59F2 /* Assets.xcassets */; };
		668AB65E22381B7D00CF59F2 /* LaunchScreen.storyboard in Resources */ = {isa = PBXBuildFile; fileRef = 668AB65C22381B7D00CF59F2 /* LaunchScreen.storyboard */; };
		668AB66922381B7D00CF59F2 /* Dark_Light_ModeTests.swift in Sources */ = {isa = PBXBuildFile; fileRef = 668AB66822381B7D00CF59F2 /* Dark_Light_ModeTests.swift */; };
		668AB67422381B7D00CF59F2 /* Dark_Light_ModeUITests.swift in Sources */ = {isa = PBXBuildFile; fileRef = 668AB67322381B7D00CF59F2 /* Dark_Light_ModeUITests.swift */; };
		668AB68222381DF000CF59F2 /* Extensions.swift in Sources */ = {isa = PBXBuildFile; fileRef = 668AB68122381DF000CF59F2 /* Extensions.swift */; };
		668AB68422381E4A00CF59F2 /* SubscriberValue.swift in Sources */ = {isa = PBXBuildFile; fileRef = 668AB68322381E4A00CF59F2 /* SubscriberValue.swift */; };
		668AB68622381E9700CF59F2 /* WeakHold.swift in Sources */ = {isa = PBXBuildFile; fileRef = 668AB68522381E9700CF59F2 /* WeakHold.swift */; };
		668AB68A22381F7000CF59F2 /* AppNavController.swift in Sources */ = {isa = PBXBuildFile; fileRef = 668AB68922381F7000CF59F2 /* AppNavController.swift */; };
		668AB68C22381FD500CF59F2 /* AppTabBarController.swift in Sources */ = {isa = PBXBuildFile; fileRef = 668AB68B22381FD500CF59F2 /* AppTabBarController.swift */; };
		668AB68E223820A500CF59F2 /* Modes.swift in Sources */ = {isa = PBXBuildFile; fileRef = 668AB68D223820A500CF59F2 /* Modes.swift */; };
		668AB6912238213B00CF59F2 /* AppModesConfig.swift in Sources */ = {isa = PBXBuildFile; fileRef = 668AB6902238213B00CF59F2 /* AppModesConfig.swift */; };
		668AB6932238217700CF59F2 /* AppModes.swift in Sources */ = {isa = PBXBuildFile; fileRef = 668AB6922238217700CF59F2 /* AppModes.swift */; };
/* End PBXBuildFile section */

/* Begin PBXContainerItemProxy section */
		668AB66522381B7D00CF59F2 /* PBXContainerItemProxy */ = {
			isa = PBXContainerItemProxy;
			containerPortal = 668AB64322381B7B00CF59F2 /* Project object */;
			proxyType = 1;
			remoteGlobalIDString = 668AB64A22381B7B00CF59F2;
			remoteInfo = "Dark Light Mode";
		};
		668AB67022381B7D00CF59F2 /* PBXContainerItemProxy */ = {
			isa = PBXContainerItemProxy;
			containerPortal = 668AB64322381B7B00CF59F2 /* Project object */;
			proxyType = 1;
			remoteGlobalIDString = 668AB64A22381B7B00CF59F2;
			remoteInfo = "Dark Light Mode";
		};
/* End PBXContainerItemProxy section */

/* Begin PBXFileReference section */
		660E96042238657F00CC0046 /* AppSplitViewController.swift */ = {isa = PBXFileReference; lastKnownFileType = sourcecode.swift; path = AppSplitViewController.swift; sourceTree = "<group>"; };
		668AB64B22381B7B00CF59F2 /* Dark Light Mode.app */ = {isa = PBXFileReference; explicitFileType = wrapper.application; includeInIndex = 0; path = "Dark Light Mode.app"; sourceTree = BUILT_PRODUCTS_DIR; };
		668AB64E22381B7B00CF59F2 /* AppDelegate.swift */ = {isa = PBXFileReference; lastKnownFileType = sourcecode.swift; path = AppDelegate.swift; sourceTree = "<group>"; };
		668AB65122381B7B00CF59F2 /* Dark_Light_Mode.xcdatamodel */ = {isa = PBXFileReference; lastKnownFileType = wrapper.xcdatamodel; path = Dark_Light_Mode.xcdatamodel; sourceTree = "<group>"; };
		668AB65322381B7B00CF59F2 /* MasterViewController.swift */ = {isa = PBXFileReference; lastKnownFileType = sourcecode.swift; path = MasterViewController.swift; sourceTree = "<group>"; };
		668AB65522381B7B00CF59F2 /* DetailViewController.swift */ = {isa = PBXFileReference; lastKnownFileType = sourcecode.swift; path = DetailViewController.swift; sourceTree = "<group>"; };
		668AB65822381B7B00CF59F2 /* Base */ = {isa = PBXFileReference; lastKnownFileType = file.storyboard; name = Base; path = Base.lproj/Main.storyboard; sourceTree = "<group>"; };
		668AB65A22381B7D00CF59F2 /* Assets.xcassets */ = {isa = PBXFileReference; lastKnownFileType = folder.assetcatalog; path = Assets.xcassets; sourceTree = "<group>"; };
		668AB65D22381B7D00CF59F2 /* Base */ = {isa = PBXFileReference; lastKnownFileType = file.storyboard; name = Base; path = Base.lproj/LaunchScreen.storyboard; sourceTree = "<group>"; };
		668AB65F22381B7D00CF59F2 /* Info.plist */ = {isa = PBXFileReference; lastKnownFileType = text.plist.xml; path = Info.plist; sourceTree = "<group>"; };
		668AB66422381B7D00CF59F2 /* Dark Light ModeTests.xctest */ = {isa = PBXFileReference; explicitFileType = wrapper.cfbundle; includeInIndex = 0; path = "Dark Light ModeTests.xctest"; sourceTree = BUILT_PRODUCTS_DIR; };
		668AB66822381B7D00CF59F2 /* Dark_Light_ModeTests.swift */ = {isa = PBXFileReference; lastKnownFileType = sourcecode.swift; path = Dark_Light_ModeTests.swift; sourceTree = "<group>"; };
		668AB66A22381B7D00CF59F2 /* Info.plist */ = {isa = PBXFileReference; lastKnownFileType = text.plist.xml; path = Info.plist; sourceTree = "<group>"; };
		668AB66F22381B7D00CF59F2 /* Dark Light ModeUITests.xctest */ = {isa = PBXFileReference; explicitFileType = wrapper.cfbundle; includeInIndex = 0; path = "Dark Light ModeUITests.xctest"; sourceTree = BUILT_PRODUCTS_DIR; };
		668AB67322381B7D00CF59F2 /* Dark_Light_ModeUITests.swift */ = {isa = PBXFileReference; lastKnownFileType = sourcecode.swift; path = Dark_Light_ModeUITests.swift; sourceTree = "<group>"; };
		668AB67522381B7D00CF59F2 /* Info.plist */ = {isa = PBXFileReference; lastKnownFileType = text.plist.xml; path = Info.plist; sourceTree = "<group>"; };
		668AB68122381DF000CF59F2 /* Extensions.swift */ = {isa = PBXFileReference; lastKnownFileType = sourcecode.swift; path = Extensions.swift; sourceTree = "<group>"; };
		668AB68322381E4A00CF59F2 /* SubscriberValue.swift */ = {isa = PBXFileReference; lastKnownFileType = sourcecode.swift; path = SubscriberValue.swift; sourceTree = "<group>"; };
		668AB68522381E9700CF59F2 /* WeakHold.swift */ = {isa = PBXFileReference; lastKnownFileType = sourcecode.swift; path = WeakHold.swift; sourceTree = "<group>"; };
		668AB68922381F7000CF59F2 /* AppNavController.swift */ = {isa = PBXFileReference; lastKnownFileType = sourcecode.swift; path = AppNavController.swift; sourceTree = "<group>"; };
		668AB68B22381FD500CF59F2 /* AppTabBarController.swift */ = {isa = PBXFileReference; lastKnownFileType = sourcecode.swift; path = AppTabBarController.swift; sourceTree = "<group>"; };
		668AB68D223820A500CF59F2 /* Modes.swift */ = {isa = PBXFileReference; lastKnownFileType = sourcecode.swift; path = Modes.swift; sourceTree = "<group>"; };
		668AB6902238213B00CF59F2 /* AppModesConfig.swift */ = {isa = PBXFileReference; lastKnownFileType = sourcecode.swift; path = AppModesConfig.swift; sourceTree = "<group>"; };
		668AB6922238217700CF59F2 /* AppModes.swift */ = {isa = PBXFileReference; lastKnownFileType = sourcecode.swift; path = AppModes.swift; sourceTree = "<group>"; };
/* End PBXFileReference section */

/* Begin PBXFrameworksBuildPhase section */
		668AB64822381B7B00CF59F2 /* Frameworks */ = {
			isa = PBXFrameworksBuildPhase;
			buildActionMask = 2147483647;
			files = (
			);
			runOnlyForDeploymentPostprocessing = 0;
		};
		668AB66122381B7D00CF59F2 /* Frameworks */ = {
			isa = PBXFrameworksBuildPhase;
			buildActionMask = 2147483647;
			files = (
			);
			runOnlyForDeploymentPostprocessing = 0;
		};
		668AB66C22381B7D00CF59F2 /* Frameworks */ = {
			isa = PBXFrameworksBuildPhase;
			buildActionMask = 2147483647;
			files = (
			);
			runOnlyForDeploymentPostprocessing = 0;
		};
/* End PBXFrameworksBuildPhase section */

/* Begin PBXGroup section */
		668AB64222381B7B00CF59F2 = {
			isa = PBXGroup;
			children = (
				668AB64D22381B7B00CF59F2 /* Dark Light Mode */,
				668AB66722381B7D00CF59F2 /* Dark Light ModeTests */,
				668AB67222381B7D00CF59F2 /* Dark Light ModeUITests */,
				668AB64C22381B7B00CF59F2 /* Products */,
			);
			sourceTree = "<group>";
		};
		668AB64C22381B7B00CF59F2 /* Products */ = {
			isa = PBXGroup;
			children = (
				668AB64B22381B7B00CF59F2 /* Dark Light Mode.app */,
				668AB66422381B7D00CF59F2 /* Dark Light ModeTests.xctest */,
				668AB66F22381B7D00CF59F2 /* Dark Light ModeUITests.xctest */,
			);
			name = Products;
			sourceTree = "<group>";
		};
		668AB64D22381B7B00CF59F2 /* Dark Light Mode */ = {
			isa = PBXGroup;
			children = (
				668AB64E22381B7B00CF59F2 /* AppDelegate.swift */,
				668AB68F223820C800CF59F2 /* Mode */,
				668AB68822381F3A00CF59F2 /* Subclasses */,
				668AB68722381EB900CF59F2 /* Assists */,
				668AB65322381B7B00CF59F2 /* MasterViewController.swift */,
				668AB65522381B7B00CF59F2 /* DetailViewController.swift */,
				668AB65722381B7B00CF59F2 /* Main.storyboard */,
				668AB65A22381B7D00CF59F2 /* Assets.xcassets */,
				668AB65C22381B7D00CF59F2 /* LaunchScreen.storyboard */,
				668AB65F22381B7D00CF59F2 /* Info.plist */,
				668AB65022381B7B00CF59F2 /* Dark_Light_Mode.xcdatamodeld */,
			);
			path = "Dark Light Mode";
			sourceTree = "<group>";
		};
		668AB66722381B7D00CF59F2 /* Dark Light ModeTests */ = {
			isa = PBXGroup;
			children = (
				668AB66822381B7D00CF59F2 /* Dark_Light_ModeTests.swift */,
				668AB66A22381B7D00CF59F2 /* Info.plist */,
			);
			path = "Dark Light ModeTests";
			sourceTree = "<group>";
		};
		668AB67222381B7D00CF59F2 /* Dark Light ModeUITests */ = {
			isa = PBXGroup;
			children = (
				668AB67322381B7D00CF59F2 /* Dark_Light_ModeUITests.swift */,
				668AB67522381B7D00CF59F2 /* Info.plist */,
			);
			path = "Dark Light ModeUITests";
			sourceTree = "<group>";
		};
		668AB68722381EB900CF59F2 /* Assists */ = {
			isa = PBXGroup;
			children = (
				668AB68122381DF000CF59F2 /* Extensions.swift */,
				668AB68322381E4A00CF59F2 /* SubscriberValue.swift */,
				668AB68522381E9700CF59F2 /* WeakHold.swift */,
			);
			path = Assists;
			sourceTree = "<group>";
		};
		668AB68822381F3A00CF59F2 /* Subclasses */ = {
			isa = PBXGroup;
			children = (
				668AB68922381F7000CF59F2 /* AppNavController.swift */,
				668AB68B22381FD500CF59F2 /* AppTabBarController.swift */,
				660E96042238657F00CC0046 /* AppSplitViewController.swift */,
			);
			path = Subclasses;
			sourceTree = "<group>";
		};
		668AB68F223820C800CF59F2 /* Mode */ = {
			isa = PBXGroup;
			children = (
				668AB68D223820A500CF59F2 /* Modes.swift */,
				668AB6902238213B00CF59F2 /* AppModesConfig.swift */,
				668AB6922238217700CF59F2 /* AppModes.swift */,
			);
			path = Mode;
			sourceTree = "<group>";
		};
/* End PBXGroup section */

/* Begin PBXNativeTarget section */
		668AB64A22381B7B00CF59F2 /* Dark Light Mode */ = {
			isa = PBXNativeTarget;
			buildConfigurationList = 668AB67822381B7D00CF59F2 /* Build configuration list for PBXNativeTarget "Dark Light Mode" */;
			buildPhases = (
				668AB64722381B7B00CF59F2 /* Sources */,
				668AB64822381B7B00CF59F2 /* Frameworks */,
				668AB64922381B7B00CF59F2 /* Resources */,
			);
			buildRules = (
			);
			dependencies = (
			);
			name = "Dark Light Mode";
			productName = "Dark Light Mode";
			productReference = 668AB64B22381B7B00CF59F2 /* Dark Light Mode.app */;
			productType = "com.apple.product-type.application";
		};
		668AB66322381B7D00CF59F2 /* Dark Light ModeTests */ = {
			isa = PBXNativeTarget;
			buildConfigurationList = 668AB67B22381B7D00CF59F2 /* Build configuration list for PBXNativeTarget "Dark Light ModeTests" */;
			buildPhases = (
				668AB66022381B7D00CF59F2 /* Sources */,
				668AB66122381B7D00CF59F2 /* Frameworks */,
				668AB66222381B7D00CF59F2 /* Resources */,
			);
			buildRules = (
			);
			dependencies = (
				668AB66622381B7D00CF59F2 /* PBXTargetDependency */,
			);
			name = "Dark Light ModeTests";
			productName = "Dark Light ModeTests";
			productReference = 668AB66422381B7D00CF59F2 /* Dark Light ModeTests.xctest */;
			productType = "com.apple.product-type.bundle.unit-test";
		};
		668AB66E22381B7D00CF59F2 /* Dark Light ModeUITests */ = {
			isa = PBXNativeTarget;
			buildConfigurationList = 668AB67E22381B7D00CF59F2 /* Build configuration list for PBXNativeTarget "Dark Light ModeUITests" */;
			buildPhases = (
				668AB66B22381B7D00CF59F2 /* Sources */,
				668AB66C22381B7D00CF59F2 /* Frameworks */,
				668AB66D22381B7D00CF59F2 /* Resources */,
			);
			buildRules = (
			);
			dependencies = (
				668AB67122381B7D00CF59F2 /* PBXTargetDependency */,
			);
			name = "Dark Light ModeUITests";
			productName = "Dark Light ModeUITests";
			productReference = 668AB66F22381B7D00CF59F2 /* Dark Light ModeUITests.xctest */;
			productType = "com.apple.product-type.bundle.ui-testing";
		};
/* End PBXNativeTarget section */

/* Begin PBXProject section */
		668AB64322381B7B00CF59F2 /* Project object */ = {
			isa = PBXProject;
			attributes = {
				LastSwiftUpdateCheck = 1010;
				LastUpgradeCheck = 1010;
				ORGANIZATIONNAME = "Paul Ngyn Inc.";
				TargetAttributes = {
					668AB64A22381B7B00CF59F2 = {
						CreatedOnToolsVersion = 10.1;
					};
					668AB66322381B7D00CF59F2 = {
						CreatedOnToolsVersion = 10.1;
						TestTargetID = 668AB64A22381B7B00CF59F2;
					};
					668AB66E22381B7D00CF59F2 = {
						CreatedOnToolsVersion = 10.1;
						TestTargetID = 668AB64A22381B7B00CF59F2;
					};
				};
			};
			buildConfigurationList = 668AB64622381B7B00CF59F2 /* Build configuration list for PBXProject "Dark Light Mode" */;
			compatibilityVersion = "Xcode 9.3";
			developmentRegion = en;
			hasScannedForEncodings = 0;
			knownRegions = (
				en,
				Base,
			);
			mainGroup = 668AB64222381B7B00CF59F2;
			productRefGroup = 668AB64C22381B7B00CF59F2 /* Products */;
			projectDirPath = "";
			projectRoot = "";
			targets = (
				668AB64A22381B7B00CF59F2 /* Dark Light Mode */,
				668AB66322381B7D00CF59F2 /* Dark Light ModeTests */,
				668AB66E22381B7D00CF59F2 /* Dark Light ModeUITests */,
			);
		};
/* End PBXProject section */

/* Begin PBXResourcesBuildPhase section */
		668AB64922381B7B00CF59F2 /* Resources */ = {
			isa = PBXResourcesBuildPhase;
			buildActionMask = 2147483647;
			files = (
				668AB65E22381B7D00CF59F2 /* LaunchScreen.storyboard in Resources */,
				668AB65B22381B7D00CF59F2 /* Assets.xcassets in Resources */,
				668AB65922381B7B00CF59F2 /* Main.storyboard in Resources */,
			);
			runOnlyForDeploymentPostprocessing = 0;
		};
		668AB66222381B7D00CF59F2 /* Resources */ = {
			isa = PBXResourcesBuildPhase;
			buildActionMask = 2147483647;
			files = (
			);
			runOnlyForDeploymentPostprocessing = 0;
		};
		668AB66D22381B7D00CF59F2 /* Resources */ = {
			isa = PBXResourcesBuildPhase;
			buildActionMask = 2147483647;
			files = (
			);
			runOnlyForDeploymentPostprocessing = 0;
		};
/* End PBXResourcesBuildPhase section */

/* Begin PBXSourcesBuildPhase section */
		668AB64722381B7B00CF59F2 /* Sources */ = {
			isa = PBXSourcesBuildPhase;
			buildActionMask = 2147483647;
			files = (
				668AB68222381DF000CF59F2 /* Extensions.swift in Sources */,
				668AB64F22381B7B00CF59F2 /* AppDelegate.swift in Sources */,
				668AB65222381B7B00CF59F2 /* Dark_Light_Mode.xcdatamodeld in Sources */,
				668AB68E223820A500CF59F2 /* Modes.swift in Sources */,
				668AB68A22381F7000CF59F2 /* AppNavController.swift in Sources */,
				668AB6932238217700CF59F2 /* AppModes.swift in Sources */,
				668AB65422381B7B00CF59F2 /* MasterViewController.swift in Sources */,
				668AB65622381B7B00CF59F2 /* DetailViewController.swift in Sources */,
				660E96052238657F00CC0046 /* AppSplitViewController.swift in Sources */,
				668AB68C22381FD500CF59F2 /* AppTabBarController.swift in Sources */,
				668AB68622381E9700CF59F2 /* WeakHold.swift in Sources */,
				668AB6912238213B00CF59F2 /* AppModesConfig.swift in Sources */,
				668AB68422381E4A00CF59F2 /* SubscriberValue.swift in Sources */,
			);
			runOnlyForDeploymentPostprocessing = 0;
		};
		668AB66022381B7D00CF59F2 /* Sources */ = {
			isa = PBXSourcesBuildPhase;
			buildActionMask = 2147483647;
			files = (
				668AB66922381B7D00CF59F2 /* Dark_Light_ModeTests.swift in Sources */,
			);
			runOnlyForDeploymentPostprocessing = 0;
		};
		668AB66B22381B7D00CF59F2 /* Sources */ = {
			isa = PBXSourcesBuildPhase;
			buildActionMask = 2147483647;
			files = (
				668AB67422381B7D00CF59F2 /* Dark_Light_ModeUITests.swift in Sources */,
			);
			runOnlyForDeploymentPostprocessing = 0;
		};
/* End PBXSourcesBuildPhase section */

/* Begin PBXTargetDependency section */
		668AB66622381B7D00CF59F2 /* PBXTargetDependency */ = {
			isa = PBXTargetDependency;
			target = 668AB64A22381B7B00CF59F2 /* Dark Light Mode */;
			targetProxy = 668AB66522381B7D00CF59F2 /* PBXContainerItemProxy */;
		};
		668AB67122381B7D00CF59F2 /* PBXTargetDependency */ = {
			isa = PBXTargetDependency;
			target = 668AB64A22381B7B00CF59F2 /* Dark Light Mode */;
			targetProxy = 668AB67022381B7D00CF59F2 /* PBXContainerItemProxy */;
		};
/* End PBXTargetDependency section */

/* Begin PBXVariantGroup section */
		668AB65722381B7B00CF59F2 /* Main.storyboard */ = {
			isa = PBXVariantGroup;
			children = (
				668AB65822381B7B00CF59F2 /* Base */,
			);
			name = Main.storyboard;
			sourceTree = "<group>";
		};
		668AB65C22381B7D00CF59F2 /* LaunchScreen.storyboard */ = {
			isa = PBXVariantGroup;
			children = (
				668AB65D22381B7D00CF59F2 /* Base */,
			);
			name = LaunchScreen.storyboard;
			sourceTree = "<group>";
		};
/* End PBXVariantGroup section */

/* Begin XCBuildConfiguration section */
		668AB67622381B7D00CF59F2 /* Debug */ = {
			isa = XCBuildConfiguration;
			buildSettings = {
				ALWAYS_SEARCH_USER_PATHS = NO;
				CLANG_ANALYZER_NONNULL = YES;
				CLANG_ANALYZER_NUMBER_OBJECT_CONVERSION = YES_AGGRESSIVE;
				CLANG_CXX_LANGUAGE_STANDARD = "gnu++14";
				CLANG_CXX_LIBRARY = "libc++";
				CLANG_ENABLE_MODULES = YES;
				CLANG_ENABLE_OBJC_ARC = YES;
				CLANG_ENABLE_OBJC_WEAK = YES;
				CLANG_WARN_BLOCK_CAPTURE_AUTORELEASING = YES;
				CLANG_WARN_BOOL_CONVERSION = YES;
				CLANG_WARN_COMMA = YES;
				CLANG_WARN_CONSTANT_CONVERSION = YES;
				CLANG_WARN_DEPRECATED_OBJC_IMPLEMENTATIONS = YES;
				CLANG_WARN_DIRECT_OBJC_ISA_USAGE = YES_ERROR;
				CLANG_WARN_DOCUMENTATION_COMMENTS = YES;
				CLANG_WARN_EMPTY_BODY = YES;
				CLANG_WARN_ENUM_CONVERSION = YES;
				CLANG_WARN_INFINITE_RECURSION = YES;
				CLANG_WARN_INT_CONVERSION = YES;
				CLANG_WARN_NON_LITERAL_NULL_CONVERSION = YES;
				CLANG_WARN_OBJC_IMPLICIT_RETAIN_SELF = YES;
				CLANG_WARN_OBJC_LITERAL_CONVERSION = YES;
				CLANG_WARN_OBJC_ROOT_CLASS = YES_ERROR;
				CLANG_WARN_RANGE_LOOP_ANALYSIS = YES;
				CLANG_WARN_STRICT_PROTOTYPES = YES;
				CLANG_WARN_SUSPICIOUS_MOVE = YES;
				CLANG_WARN_UNGUARDED_AVAILABILITY = YES_AGGRESSIVE;
				CLANG_WARN_UNREACHABLE_CODE = YES;
				CLANG_WARN__DUPLICATE_METHOD_MATCH = YES;
				CODE_SIGN_IDENTITY = "iPhone Developer";
				COPY_PHASE_STRIP = NO;
				DEBUG_INFORMATION_FORMAT = dwarf;
				ENABLE_STRICT_OBJC_MSGSEND = YES;
				ENABLE_TESTABILITY = YES;
				GCC_C_LANGUAGE_STANDARD = gnu11;
				GCC_DYNAMIC_NO_PIC = NO;
				GCC_NO_COMMON_BLOCKS = YES;
				GCC_OPTIMIZATION_LEVEL = 0;
				GCC_PREPROCESSOR_DEFINITIONS = (
					"DEBUG=1",
					"$(inherited)",
				);
				GCC_WARN_64_TO_32_BIT_CONVERSION = YES;
				GCC_WARN_ABOUT_RETURN_TYPE = YES_ERROR;
				GCC_WARN_UNDECLARED_SELECTOR = YES;
				GCC_WARN_UNINITIALIZED_AUTOS = YES_AGGRESSIVE;
				GCC_WARN_UNUSED_FUNCTION = YES;
				GCC_WARN_UNUSED_VARIABLE = YES;
				IPHONEOS_DEPLOYMENT_TARGET = 11.0;
				MTL_ENABLE_DEBUG_INFO = INCLUDE_SOURCE;
				MTL_FAST_MATH = YES;
				ONLY_ACTIVE_ARCH = YES;
				SDKROOT = iphoneos;
				SWIFT_ACTIVE_COMPILATION_CONDITIONS = DEBUG;
				SWIFT_OPTIMIZATION_LEVEL = "-Onone";
			};
			name = Debug;
		};
		668AB67722381B7D00CF59F2 /* Release */ = {
			isa = XCBuildConfiguration;
			buildSettings = {
				ALWAYS_SEARCH_USER_PATHS = NO;
				CLANG_ANALYZER_NONNULL = YES;
				CLANG_ANALYZER_NUMBER_OBJECT_CONVERSION = YES_AGGRESSIVE;
				CLANG_CXX_LANGUAGE_STANDARD = "gnu++14";
				CLANG_CXX_LIBRARY = "libc++";
				CLANG_ENABLE_MODULES = YES;
				CLANG_ENABLE_OBJC_ARC = YES;
				CLANG_ENABLE_OBJC_WEAK = YES;
				CLANG_WARN_BLOCK_CAPTURE_AUTORELEASING = YES;
				CLANG_WARN_BOOL_CONVERSION = YES;
				CLANG_WARN_COMMA = YES;
				CLANG_WARN_CONSTANT_CONVERSION = YES;
				CLANG_WARN_DEPRECATED_OBJC_IMPLEMENTATIONS = YES;
				CLANG_WARN_DIRECT_OBJC_ISA_USAGE = YES_ERROR;
				CLANG_WARN_DOCUMENTATION_COMMENTS = YES;
				CLANG_WARN_EMPTY_BODY = YES;
				CLANG_WARN_ENUM_CONVERSION = YES;
				CLANG_WARN_INFINITE_RECURSION = YES;
				CLANG_WARN_INT_CONVERSION = YES;
				CLANG_WARN_NON_LITERAL_NULL_CONVERSION = YES;
				CLANG_WARN_OBJC_IMPLICIT_RETAIN_SELF = YES;
				CLANG_WARN_OBJC_LITERAL_CONVERSION = YES;
				CLANG_WARN_OBJC_ROOT_CLASS = YES_ERROR;
				CLANG_WARN_RANGE_LOOP_ANALYSIS = YES;
				CLANG_WARN_STRICT_PROTOTYPES = YES;
				CLANG_WARN_SUSPICIOUS_MOVE = YES;
				CLANG_WARN_UNGUARDED_AVAILABILITY = YES_AGGRESSIVE;
				CLANG_WARN_UNREACHABLE_CODE = YES;
				CLANG_WARN__DUPLICATE_METHOD_MATCH = YES;
				CODE_SIGN_IDENTITY = "iPhone Developer";
				COPY_PHASE_STRIP = NO;
				DEBUG_INFORMATION_FORMAT = "dwarf-with-dsym";
				ENABLE_NS_ASSERTIONS = NO;
				ENABLE_STRICT_OBJC_MSGSEND = YES;
				GCC_C_LANGUAGE_STANDARD = gnu11;
				GCC_NO_COMMON_BLOCKS = YES;
				GCC_WARN_64_TO_32_BIT_CONVERSION = YES;
				GCC_WARN_ABOUT_RETURN_TYPE = YES_ERROR;
				GCC_WARN_UNDECLARED_SELECTOR = YES;
				GCC_WARN_UNINITIALIZED_AUTOS = YES_AGGRESSIVE;
				GCC_WARN_UNUSED_FUNCTION = YES;
				GCC_WARN_UNUSED_VARIABLE = YES;
				IPHONEOS_DEPLOYMENT_TARGET = 11.0;
				MTL_ENABLE_DEBUG_INFO = NO;
				MTL_FAST_MATH = YES;
				SDKROOT = iphoneos;
				SWIFT_COMPILATION_MODE = wholemodule;
				SWIFT_OPTIMIZATION_LEVEL = "-O";
				VALIDATE_PRODUCT = YES;
			};
			name = Release;
		};
		668AB67922381B7D00CF59F2 /* Debug */ = {
			isa = XCBuildConfiguration;
			buildSettings = {
				ASSETCATALOG_COMPILER_APPICON_NAME = AppIcon;
				CODE_SIGN_STYLE = Manual;
				DEVELOPMENT_TEAM = "";
				INFOPLIST_FILE = "Dark Light Mode/Info.plist";
				LD_RUNPATH_SEARCH_PATHS = (
					"$(inherited)",
					"@executable_path/Frameworks",
				);
				PRODUCT_BUNDLE_IDENTIFIER = "darklightmode.com.app.Dark-Light-Mode";
				PRODUCT_NAME = "$(TARGET_NAME)";
				PROVISIONING_PROFILE_SPECIFIER = "";
				SWIFT_VERSION = 4.2;
				TARGETED_DEVICE_FAMILY = "1,2";
			};
			name = Debug;
		};
		668AB67A22381B7D00CF59F2 /* Release */ = {
			isa = XCBuildConfiguration;
			buildSettings = {
				ASSETCATALOG_COMPILER_APPICON_NAME = AppIcon;
				CODE_SIGN_STYLE = Manual;
				DEVELOPMENT_TEAM = "";
				INFOPLIST_FILE = "Dark Light Mode/Info.plist";
				LD_RUNPATH_SEARCH_PATHS = (
					"$(inherited)",
					"@executable_path/Frameworks",
				);
				PRODUCT_BUNDLE_IDENTIFIER = "darklightmode.com.app.Dark-Light-Mode";
				PRODUCT_NAME = "$(TARGET_NAME)";
				PROVISIONING_PROFILE_SPECIFIER = "";
				SWIFT_VERSION = 4.2;
				TARGETED_DEVICE_FAMILY = "1,2";
			};
			name = Release;
		};
		668AB67C22381B7D00CF59F2 /* Debug */ = {
			isa = XCBuildConfiguration;
			buildSettings = {
				ALWAYS_EMBED_SWIFT_STANDARD_LIBRARIES = YES;
				BUNDLE_LOADER = "$(TEST_HOST)";
				CODE_SIGN_STYLE = Automatic;
				DEVELOPMENT_TEAM = F58NNV8SHZ;
				INFOPLIST_FILE = "Dark Light ModeTests/Info.plist";
				LD_RUNPATH_SEARCH_PATHS = (
					"$(inherited)",
					"@executable_path/Frameworks",
					"@loader_path/Frameworks",
				);
				PRODUCT_BUNDLE_IDENTIFIER = "darklightmode.com.app.Dark-Light-ModeTests";
				PRODUCT_NAME = "$(TARGET_NAME)";
				SWIFT_VERSION = 4.2;
				TARGETED_DEVICE_FAMILY = "1,2";
				TEST_HOST = "$(BUILT_PRODUCTS_DIR)/Dark Light Mode.app/Dark Light Mode";
			};
			name = Debug;
		};
		668AB67D22381B7D00CF59F2 /* Release */ = {
			isa = XCBuildConfiguration;
			buildSettings = {
				ALWAYS_EMBED_SWIFT_STANDARD_LIBRARIES = YES;
				BUNDLE_LOADER = "$(TEST_HOST)";
				CODE_SIGN_STYLE = Automatic;
				DEVELOPMENT_TEAM = F58NNV8SHZ;
				INFOPLIST_FILE = "Dark Light ModeTests/Info.plist";
				LD_RUNPATH_SEARCH_PATHS = (
					"$(inherited)",
					"@executable_path/Frameworks",
					"@loader_path/Frameworks",
				);
				PRODUCT_BUNDLE_IDENTIFIER = "darklightmode.com.app.Dark-Light-ModeTests";
				PRODUCT_NAME = "$(TARGET_NAME)";
				SWIFT_VERSION = 4.2;
				TARGETED_DEVICE_FAMILY = "1,2";
				TEST_HOST = "$(BUILT_PRODUCTS_DIR)/Dark Light Mode.app/Dark Light Mode";
			};
			name = Release;
		};
		668AB67F22381B7D00CF59F2 /* Debug */ = {
			isa = XCBuildConfiguration;
			buildSettings = {
				ALWAYS_EMBED_SWIFT_STANDARD_LIBRARIES = YES;
				CODE_SIGN_STYLE = Automatic;
				DEVELOPMENT_TEAM = F58NNV8SHZ;
				INFOPLIST_FILE = "Dark Light ModeUITests/Info.plist";
				LD_RUNPATH_SEARCH_PATHS = (
					"$(inherited)",
					"@executable_path/Frameworks",
					"@loader_path/Frameworks",
				);
				PRODUCT_BUNDLE_IDENTIFIER = "darklightmode.com.app.Dark-Light-ModeUITests";
				PRODUCT_NAME = "$(TARGET_NAME)";
				SWIFT_VERSION = 4.2;
				TARGETED_DEVICE_FAMILY = "1,2";
				TEST_TARGET_NAME = "Dark Light Mode";
			};
			name = Debug;
		};
		668AB68022381B7D00CF59F2 /* Release */ = {
			isa = XCBuildConfiguration;
			buildSettings = {
				ALWAYS_EMBED_SWIFT_STANDARD_LIBRARIES = YES;
				CODE_SIGN_STYLE = Automatic;
				DEVELOPMENT_TEAM = F58NNV8SHZ;
				INFOPLIST_FILE = "Dark Light ModeUITests/Info.plist";
				LD_RUNPATH_SEARCH_PATHS = (
					"$(inherited)",
					"@executable_path/Frameworks",
					"@loader_path/Frameworks",
				);
				PRODUCT_BUNDLE_IDENTIFIER = "darklightmode.com.app.Dark-Light-ModeUITests";
				PRODUCT_NAME = "$(TARGET_NAME)";
				SWIFT_VERSION = 4.2;
				TARGETED_DEVICE_FAMILY = "1,2";
				TEST_TARGET_NAME = "Dark Light Mode";
			};
			name = Release;
		};
/* End XCBuildConfiguration section */

/* Begin XCConfigurationList section */
		668AB64622381B7B00CF59F2 /* Build configuration list for PBXProject "Dark Light Mode" */ = {
			isa = XCConfigurationList;
			buildConfigurations = (
				668AB67622381B7D00CF59F2 /* Debug */,
				668AB67722381B7D00CF59F2 /* Release */,
			);
			defaultConfigurationIsVisible = 0;
			defaultConfigurationName = Release;
		};
		668AB67822381B7D00CF59F2 /* Build configuration list for PBXNativeTarget "Dark Light Mode" */ = {
			isa = XCConfigurationList;
			buildConfigurations = (
				668AB67922381B7D00CF59F2 /* Debug */,
				668AB67A22381B7D00CF59F2 /* Release */,
			);
			defaultConfigurationIsVisible = 0;
			defaultConfigurationName = Release;
		};
		668AB67B22381B7D00CF59F2 /* Build configuration list for PBXNativeTarget "Dark Light ModeTests" */ = {
			isa = XCConfigurationList;
			buildConfigurations = (
				668AB67C22381B7D00CF59F2 /* Debug */,
				668AB67D22381B7D00CF59F2 /* Release */,
			);
			defaultConfigurationIsVisible = 0;
			defaultConfigurationName = Release;
		};
		668AB67E22381B7D00CF59F2 /* Build configuration list for PBXNativeTarget "Dark Light ModeUITests" */ = {
			isa = XCConfigurationList;
			buildConfigurations = (
				668AB67F22381B7D00CF59F2 /* Debug */,
				668AB68022381B7D00CF59F2 /* Release */,
			);
			defaultConfigurationIsVisible = 0;
			defaultConfigurationName = Release;
		};
/* End XCConfigurationList section */

/* Begin XCVersionGroup section */
		668AB65022381B7B00CF59F2 /* Dark_Light_Mode.xcdatamodeld */ = {
			isa = XCVersionGroup;
			children = (
				668AB65122381B7B00CF59F2 /* Dark_Light_Mode.xcdatamodel */,
			);
			currentVersion = 668AB65122381B7B00CF59F2 /* Dark_Light_Mode.xcdatamodel */;
			path = Dark_Light_Mode.xcdatamodeld;
			sourceTree = "<group>";
			versionGroupType = wrapper.xcdatamodel;
		};
/* End XCVersionGroup section */
	};
	rootObject = 668AB64322381B7B00CF59F2 /* Project object */;
}
